# This file is automatically @generated by Poetry 1.8.5 and should not be changed by hand.

[[package]]
name = "click"
version = "8.1.8"
description = "Composable command line interface toolkit"
optional = false
python-versions = ">=3.7"
files = [
    {file = "click-8.1.8-py3-none-any.whl", hash = "sha256:63c132bbbed01578a06712a2d1f497bb62d9c1c0d329b7903a866228027263b2"},
    {file = "click-8.1.8.tar.gz", hash = "sha256:ed53c9d8990d83c2a27deae68e4ee337473f6330c040a31d4225c9574d16096a"},
]

[package.dependencies]
colorama = {version = "*", markers = "platform_system == \"Windows\""}

[[package]]
name = "colorama"
version = "0.4.4"
description = "Cross-platform colored terminal text."
optional = false
python-versions = ">=2.7, !=3.0.*, !=3.1.*, !=3.2.*, !=3.3.*, !=3.4.*"
files = [
    {file = "colorama-0.4.4-py2.py3-none-any.whl", hash = "sha256:9f47eda37229f68eee03b24b9748937c7dc3868f906e8ba69fbcbdd3bc5dc3e2"},
    {file = "colorama-0.4.4.tar.gz", hash = "sha256:5941b2b48a20143d2267e95b1c2a7603ce057ee39fd88e7329b0c292aa16869b"},
]

[[package]]
name = "pyperclip"
version = "1.9.0"
description = "A cross-platform clipboard module for Python. (Only handles plain text for now.)"
optional = false
python-versions = "*"
files = [
    {file = "pyperclip-1.9.0.tar.gz", hash = "sha256:b7de0142ddc81bfc5c7507eea19da920b92252b548b96186caf94a5e2527d310"},
]

[[package]]
name = "xmlformatter"
version = "0.2.8"
description = "Format and compress XML documents"
optional = false
python-versions = "*"
files = [
    {file = "xmlformatter-0.2.8-py3-none-any.whl", hash = "sha256:83c35ae024309712e3ac6f79b2a1106f9fc9708dde14810d71f9f7bfe6f85661"},
    {file = "xmlformatter-0.2.8.tar.gz", hash = "sha256:ddc82e7cb4ff2669f54014e2eaf86b493d5e2da95b536f974f0a15f02763f64c"},
]

[metadata]
lock-version = "2.0"
python-versions = ">=3.8"
content-hash = "bb4f0bc1ca9ea44f7e226ce8dc2b81b57bb504367231960dd1312bb58b92389c"
